
Microsoft Visual Studio Solution File, Format Version 12.00
# Visual Studio Version 17
VisualStudioVersion = 17.8.34511.84
MinimumVisualStudioVersion = 10.0.40219.1
Project("{FAE04EC0-301F-11D3-BF4B-00C04F79EFBC}") = "Button_Image_App", "Button_Image_App\Button_Image_App.csproj", "{8E124639-9096-4423-9801-8695C3B85C2E}"
EndProject
Global
	GlobalSection(SolutionConfigurationPlatforms) = preSolution
		Debug|Any CPU = Debug|Any CPU
		Release|Any CPU = Release|Any CPU
	EndGlobalSection
	GlobalSection(ProjectConfigurationPlatforms) = postSolution
		{8E124639-9096-4423-9801-8695C3B85C2E}.Debug|Any CPU.ActiveCfg = Debug|Any CPU
		{8E124639-9096-4423-9801-8695C3B85C2E}.Debug|Any CPU.Build.0 = Debug|Any CPU
		{8E124639-9096-4423-9801-8695C3B85C2E}.Release|Any CPU.ActiveCfg = Release|Any CPU
		{8E124639-9096-4423-9801-8695C3B85C2E}.Release|Any CPU.Build.0 = Release|Any CPU
	EndGlobalSection
	GlobalSection(SolutionProperties) = preSolution
		HideSolutionNode = FALSE
	EndGlobalSection
	GlobalSection(ExtensibilityGlobals) = postSolution
		SolutionGuid = {C22C218B-4D33-446B-8BFC-FC7B3F063351}
	EndGlobalSection
EndGlobal
