
Microsoft Visual Studio Solution File, Format Version 12.00
# Visual Studio Version 17
VisualStudioVersion = 17.8.34511.84
MinimumVisualStudioVersion = 10.0.40219.1
Project("{FAE04EC0-301F-11D3-BF4B-00C04F79EFBC}") = "MatchGame", "MatchGame.csproj", "{A81D054B-8FA0-4916-B79C-71BAD570A682}"
EndProject
Global
	GlobalSection(SolutionConfigurationPlatforms) = preSolution
		Debug|Any CPU = Debug|Any CPU
		Release|Any CPU = Release|Any CPU
	EndGlobalSection
	GlobalSection(ProjectConfigurationPlatforms) = postSolution
		{A81D054B-8FA0-4916-B79C-71BAD570A682}.Debug|Any CPU.ActiveCfg = Debug|Any CPU
		{A81D054B-8FA0-4916-B79C-71BAD570A682}.Debug|Any CPU.Build.0 = Debug|Any CPU
		{A81D054B-8FA0-4916-B79C-71BAD570A682}.Release|Any CPU.ActiveCfg = Release|Any CPU
		{A81D054B-8FA0-4916-B79C-71BAD570A682}.Release|Any CPU.Build.0 = Release|Any CPU
	EndGlobalSection
	GlobalSection(SolutionProperties) = preSolution
		HideSolutionNode = FALSE
	EndGlobalSection
	GlobalSection(ExtensibilityGlobals) = postSolution
		SolutionGuid = {04728548-9068-4B7A-9465-BAEEC869B8B7}
	EndGlobalSection
EndGlobal
