
Microsoft Visual Studio Solution File, Format Version 12.00
# Visual Studio Version 17
VisualStudioVersion = 17.8.34511.84
MinimumVisualStudioVersion = 10.0.40219.1
Project("{9A19103F-16F7-4668-BE54-9A1E7A4F7556}") = "WPF_Application", "WPF_Tutorials\WPF_Application.csproj", "{EC4D3F4C-FD0B-45A3-8412-901E40F98863}"
EndProject
Project("{9A19103F-16F7-4668-BE54-9A1E7A4F7556}") = "Basic_Controls", "Basic_Controls\Basic_Controls.csproj", "{4151CCFD-ACBF-416B-971D-528BA7D61FE6}"
EndProject
Project("{9A19103F-16F7-4668-BE54-9A1E7A4F7556}") = "Control_Concept", "Control_Concept\Control_Concept.csproj", "{691DB975-206C-4184-8701-901D5FB9821A}"
EndProject
Project("{9A19103F-16F7-4668-BE54-9A1E7A4F7556}") = "Panel", "Panel\Panel.csproj", "{DA594B02-BA86-4216-998D-A199DE0A0870}"
EndProject
Project("{9A19103F-16F7-4668-BE54-9A1E7A4F7556}") = "UserControls", "UserControls\UserControls.csproj", "{118E9D27-7092-4580-B007-D5FBFA14ABCE}"
EndProject
Project("{9A19103F-16F7-4668-BE54-9A1E7A4F7556}") = "Common_Interface_Controls", "Common_Interface_Controls\Common_Interface_Controls.csproj", "{6E496DBC-C617-41F2-94DC-808E5C617A29}"
EndProject
Project("{9A19103F-16F7-4668-BE54-9A1E7A4F7556}") = "TabControls", "TabControls\TabControls.csproj", "{9A11BA3F-73BE-47A3-88F8-0B7B440908AD}"
EndProject
Project("{9A19103F-16F7-4668-BE54-9A1E7A4F7556}") = "List_Controls", "List_Controls\List_Controls.csproj", "{1B109F91-DBBD-4576-AE92-BBD556EA4DB9}"
EndProject
Project("{9A19103F-16F7-4668-BE54-9A1E7A4F7556}") = "ListView_Controls", "ListView_Controls\ListView_Controls.csproj", "{E0B44998-F839-4D2D-9866-1D841CFE1151}"
EndProject
Project("{9A19103F-16F7-4668-BE54-9A1E7A4F7556}") = "TreeView_Controls", "TreeView_Controls\TreeView_Controls.csproj", "{AB8E4F9A-1EFE-4DF1-AD2E-FD55AA2A205A}"
EndProject
Project("{9A19103F-16F7-4668-BE54-9A1E7A4F7556}") = "Styles_Control", "Styles_Control\Styles_Control.csproj", "{8CA5F1A8-71CD-4FB4-9F62-591E4CB94660}"
EndProject
Project("{FAE04EC0-301F-11D3-BF4B-00C04F79EFBC}") = "AudioAndVideo", "AudioAndVideo\AudioAndVideo.csproj", "{61C34F5F-BCEC-48BA-AB7B-4E5F6F8B227F}"
EndProject
Project("{FAE04EC0-301F-11D3-BF4B-00C04F79EFBC}") = "DataBinding", "DataBinding\DataBinding.csproj", "{8DBCB625-826B-48B6-AAAA-524275C90608}"
EndProject
Global
	GlobalSection(SolutionConfigurationPlatforms) = preSolution
		Debug|Any CPU = Debug|Any CPU
		Release|Any CPU = Release|Any CPU
	EndGlobalSection
	GlobalSection(ProjectConfigurationPlatforms) = postSolution
		{EC4D3F4C-FD0B-45A3-8412-901E40F98863}.Debug|Any CPU.ActiveCfg = Debug|Any CPU
		{EC4D3F4C-FD0B-45A3-8412-901E40F98863}.Debug|Any CPU.Build.0 = Debug|Any CPU
		{EC4D3F4C-FD0B-45A3-8412-901E40F98863}.Release|Any CPU.ActiveCfg = Release|Any CPU
		{EC4D3F4C-FD0B-45A3-8412-901E40F98863}.Release|Any CPU.Build.0 = Release|Any CPU
		{4151CCFD-ACBF-416B-971D-528BA7D61FE6}.Debug|Any CPU.ActiveCfg = Debug|Any CPU
		{4151CCFD-ACBF-416B-971D-528BA7D61FE6}.Debug|Any CPU.Build.0 = Debug|Any CPU
		{4151CCFD-ACBF-416B-971D-528BA7D61FE6}.Release|Any CPU.ActiveCfg = Release|Any CPU
		{4151CCFD-ACBF-416B-971D-528BA7D61FE6}.Release|Any CPU.Build.0 = Release|Any CPU
		{691DB975-206C-4184-8701-901D5FB9821A}.Debug|Any CPU.ActiveCfg = Debug|Any CPU
		{691DB975-206C-4184-8701-901D5FB9821A}.Debug|Any CPU.Build.0 = Debug|Any CPU
		{691DB975-206C-4184-8701-901D5FB9821A}.Release|Any CPU.ActiveCfg = Release|Any CPU
		{691DB975-206C-4184-8701-901D5FB9821A}.Release|Any CPU.Build.0 = Release|Any CPU
		{DA594B02-BA86-4216-998D-A199DE0A0870}.Debug|Any CPU.ActiveCfg = Debug|Any CPU
		{DA594B02-BA86-4216-998D-A199DE0A0870}.Debug|Any CPU.Build.0 = Debug|Any CPU
		{DA594B02-BA86-4216-998D-A199DE0A0870}.Release|Any CPU.ActiveCfg = Release|Any CPU
		{DA594B02-BA86-4216-998D-A199DE0A0870}.Release|Any CPU.Build.0 = Release|Any CPU
		{118E9D27-7092-4580-B007-D5FBFA14ABCE}.Debug|Any CPU.ActiveCfg = Debug|Any CPU
		{118E9D27-7092-4580-B007-D5FBFA14ABCE}.Debug|Any CPU.Build.0 = Debug|Any CPU
		{118E9D27-7092-4580-B007-D5FBFA14ABCE}.Release|Any CPU.ActiveCfg = Release|Any CPU
		{118E9D27-7092-4580-B007-D5FBFA14ABCE}.Release|Any CPU.Build.0 = Release|Any CPU
		{6E496DBC-C617-41F2-94DC-808E5C617A29}.Debug|Any CPU.ActiveCfg = Debug|Any CPU
		{6E496DBC-C617-41F2-94DC-808E5C617A29}.Debug|Any CPU.Build.0 = Debug|Any CPU
		{6E496DBC-C617-41F2-94DC-808E5C617A29}.Release|Any CPU.ActiveCfg = Release|Any CPU
		{6E496DBC-C617-41F2-94DC-808E5C617A29}.Release|Any CPU.Build.0 = Release|Any CPU
		{9A11BA3F-73BE-47A3-88F8-0B7B440908AD}.Debug|Any CPU.ActiveCfg = Debug|Any CPU
		{9A11BA3F-73BE-47A3-88F8-0B7B440908AD}.Debug|Any CPU.Build.0 = Debug|Any CPU
		{9A11BA3F-73BE-47A3-88F8-0B7B440908AD}.Release|Any CPU.ActiveCfg = Release|Any CPU
		{9A11BA3F-73BE-47A3-88F8-0B7B440908AD}.Release|Any CPU.Build.0 = Release|Any CPU
		{1B109F91-DBBD-4576-AE92-BBD556EA4DB9}.Debug|Any CPU.ActiveCfg = Debug|Any CPU
		{1B109F91-DBBD-4576-AE92-BBD556EA4DB9}.Debug|Any CPU.Build.0 = Debug|Any CPU
		{1B109F91-DBBD-4576-AE92-BBD556EA4DB9}.Release|Any CPU.ActiveCfg = Release|Any CPU
		{1B109F91-DBBD-4576-AE92-BBD556EA4DB9}.Release|Any CPU.Build.0 = Release|Any CPU
		{E0B44998-F839-4D2D-9866-1D841CFE1151}.Debug|Any CPU.ActiveCfg = Debug|Any CPU
		{E0B44998-F839-4D2D-9866-1D841CFE1151}.Debug|Any CPU.Build.0 = Debug|Any CPU
		{E0B44998-F839-4D2D-9866-1D841CFE1151}.Release|Any CPU.ActiveCfg = Release|Any CPU
		{E0B44998-F839-4D2D-9866-1D841CFE1151}.Release|Any CPU.Build.0 = Release|Any CPU
		{AB8E4F9A-1EFE-4DF1-AD2E-FD55AA2A205A}.Debug|Any CPU.ActiveCfg = Debug|Any CPU
		{AB8E4F9A-1EFE-4DF1-AD2E-FD55AA2A205A}.Debug|Any CPU.Build.0 = Debug|Any CPU
		{AB8E4F9A-1EFE-4DF1-AD2E-FD55AA2A205A}.Release|Any CPU.ActiveCfg = Release|Any CPU
		{AB8E4F9A-1EFE-4DF1-AD2E-FD55AA2A205A}.Release|Any CPU.Build.0 = Release|Any CPU
		{8CA5F1A8-71CD-4FB4-9F62-591E4CB94660}.Debug|Any CPU.ActiveCfg = Debug|Any CPU
		{8CA5F1A8-71CD-4FB4-9F62-591E4CB94660}.Debug|Any CPU.Build.0 = Debug|Any CPU
		{8CA5F1A8-71CD-4FB4-9F62-591E4CB94660}.Release|Any CPU.ActiveCfg = Release|Any CPU
		{8CA5F1A8-71CD-4FB4-9F62-591E4CB94660}.Release|Any CPU.Build.0 = Release|Any CPU
		{61C34F5F-BCEC-48BA-AB7B-4E5F6F8B227F}.Debug|Any CPU.ActiveCfg = Debug|Any CPU
		{61C34F5F-BCEC-48BA-AB7B-4E5F6F8B227F}.Debug|Any CPU.Build.0 = Debug|Any CPU
		{61C34F5F-BCEC-48BA-AB7B-4E5F6F8B227F}.Release|Any CPU.ActiveCfg = Release|Any CPU
		{61C34F5F-BCEC-48BA-AB7B-4E5F6F8B227F}.Release|Any CPU.Build.0 = Release|Any CPU
		{8DBCB625-826B-48B6-AAAA-524275C90608}.Debug|Any CPU.ActiveCfg = Debug|Any CPU
		{8DBCB625-826B-48B6-AAAA-524275C90608}.Debug|Any CPU.Build.0 = Debug|Any CPU
		{8DBCB625-826B-48B6-AAAA-524275C90608}.Release|Any CPU.ActiveCfg = Release|Any CPU
		{8DBCB625-826B-48B6-AAAA-524275C90608}.Release|Any CPU.Build.0 = Release|Any CPU
	EndGlobalSection
	GlobalSection(SolutionProperties) = preSolution
		HideSolutionNode = FALSE
	EndGlobalSection
	GlobalSection(ExtensibilityGlobals) = postSolution
		SolutionGuid = {82AF83BC-D562-4D8A-A511-89284C5B8741}
	EndGlobalSection
EndGlobal
