
Microsoft Visual Studio Solution File, Format Version 12.00
# Visual Studio Version 17
VisualStudioVersion = 17.8.34525.116
MinimumVisualStudioVersion = 10.0.40219.1
Project("{FAE04EC0-301F-11D3-BF4B-00C04F79EFBC}") = "PracticeRevitAPI", "PracticeRevitAPI\PracticeRevitAPI.csproj", "{E98F68C3-3445-4900-8DD7-D21A305709FE}"
EndProject
Project("{FAE04EC0-301F-11D3-BF4B-00C04F79EFBC}") = "GPTRevitAPI", "GPTRevitAPI\GPTRevitAPI.csproj", "{4FAF9F1D-9221-4276-928C-6670EE167B00}"
EndProject
Global
	GlobalSection(SolutionConfigurationPlatforms) = preSolution
		Debug|Any CPU = Debug|Any CPU
		Release|Any CPU = Release|Any CPU
	EndGlobalSection
	GlobalSection(ProjectConfigurationPlatforms) = postSolution
		{E98F68C3-3445-4900-8DD7-D21A305709FE}.Debug|Any CPU.ActiveCfg = Debug|Any CPU
		{E98F68C3-3445-4900-8DD7-D21A305709FE}.Debug|Any CPU.Build.0 = Debug|Any CPU
		{E98F68C3-3445-4900-8DD7-D21A305709FE}.Release|Any CPU.ActiveCfg = Release|Any CPU
		{E98F68C3-3445-4900-8DD7-D21A305709FE}.Release|Any CPU.Build.0 = Release|Any CPU
		{4FAF9F1D-9221-4276-928C-6670EE167B00}.Debug|Any CPU.ActiveCfg = Debug|Any CPU
		{4FAF9F1D-9221-4276-928C-6670EE167B00}.Debug|Any CPU.Build.0 = Debug|Any CPU
		{4FAF9F1D-9221-4276-928C-6670EE167B00}.Release|Any CPU.ActiveCfg = Release|Any CPU
		{4FAF9F1D-9221-4276-928C-6670EE167B00}.Release|Any CPU.Build.0 = Release|Any CPU
	EndGlobalSection
	GlobalSection(SolutionProperties) = preSolution
		HideSolutionNode = FALSE
	EndGlobalSection
	GlobalSection(ExtensibilityGlobals) = postSolution
		SolutionGuid = {BCCD1480-66C3-4688-9557-5CE0FAB64B88}
	EndGlobalSection
EndGlobal
