
Microsoft Visual Studio Solution File, Format Version 12.00
# Visual Studio Version 17
VisualStudioVersion = 17.8.34511.84
MinimumVisualStudioVersion = 10.0.40219.1
Project("{FAE04EC0-301F-11D3-BF4B-00C04F79EFBC}") = "VendingMachineTutorial", "VendingMachineTutorial\VendingMachineTutorial.csproj", "{2E4BBF2F-6A5D-4317-85D9-60D7515A003C}"
EndProject
Global
	GlobalSection(SolutionConfigurationPlatforms) = preSolution
		Debug|Any CPU = Debug|Any CPU
		Release|Any CPU = Release|Any CPU
	EndGlobalSection
	GlobalSection(ProjectConfigurationPlatforms) = postSolution
		{2E4BBF2F-6A5D-4317-85D9-60D7515A003C}.Debug|Any CPU.ActiveCfg = Debug|Any CPU
		{2E4BBF2F-6A5D-4317-85D9-60D7515A003C}.Debug|Any CPU.Build.0 = Debug|Any CPU
		{2E4BBF2F-6A5D-4317-85D9-60D7515A003C}.Release|Any CPU.ActiveCfg = Release|Any CPU
		{2E4BBF2F-6A5D-4317-85D9-60D7515A003C}.Release|Any CPU.Build.0 = Release|Any CPU
	EndGlobalSection
	GlobalSection(SolutionProperties) = preSolution
		HideSolutionNode = FALSE
	EndGlobalSection
	GlobalSection(ExtensibilityGlobals) = postSolution
		SolutionGuid = {90EA5FC9-5973-4FBD-8D7C-3036F767B448}
	EndGlobalSection
EndGlobal
