
Microsoft Visual Studio Solution File, Format Version 12.00
# Visual Studio Version 17
VisualStudioVersion = 17.8.34525.116
MinimumVisualStudioVersion = 10.0.40219.1
Project("{FAE04EC0-301F-11D3-BF4B-00C04F79EFBC}") = "Instagram Desktop", "Instagram Desktop\Instagram Desktop.csproj", "{995F9DB0-16D4-41CC-A001-730080DC10D0}"
EndProject
Global
	GlobalSection(SolutionConfigurationPlatforms) = preSolution
		Debug|Any CPU = Debug|Any CPU
		Release|Any CPU = Release|Any CPU
	EndGlobalSection
	GlobalSection(ProjectConfigurationPlatforms) = postSolution
		{995F9DB0-16D4-41CC-A001-730080DC10D0}.Debug|Any CPU.ActiveCfg = Debug|Any CPU
		{995F9DB0-16D4-41CC-A001-730080DC10D0}.Debug|Any CPU.Build.0 = Debug|Any CPU
		{995F9DB0-16D4-41CC-A001-730080DC10D0}.Release|Any CPU.ActiveCfg = Release|Any CPU
		{995F9DB0-16D4-41CC-A001-730080DC10D0}.Release|Any CPU.Build.0 = Release|Any CPU
	EndGlobalSection
	GlobalSection(SolutionProperties) = preSolution
		HideSolutionNode = FALSE
	EndGlobalSection
	GlobalSection(ExtensibilityGlobals) = postSolution
		SolutionGuid = {F946613E-39B3-42CF-A39E-CAA10128638E}
	EndGlobalSection
EndGlobal
