
Microsoft Visual Studio Solution File, Format Version 12.00
# Visual Studio Version 17
VisualStudioVersion = 17.8.34525.116
MinimumVisualStudioVersion = 10.0.40219.1
Project("{FAE04EC0-301F-11D3-BF4B-00C04F79EFBC}") = "RevitPipe", "RevitPipe\RevitPipe.csproj", "{F4F88193-05CA-4DDB-B97D-ED5F121CA4D9}"
EndProject
Global
	GlobalSection(SolutionConfigurationPlatforms) = preSolution
		Debug|Any CPU = Debug|Any CPU
		Release|Any CPU = Release|Any CPU
	EndGlobalSection
	GlobalSection(ProjectConfigurationPlatforms) = postSolution
		{F4F88193-05CA-4DDB-B97D-ED5F121CA4D9}.Debug|Any CPU.ActiveCfg = Debug|Any CPU
		{F4F88193-05CA-4DDB-B97D-ED5F121CA4D9}.Debug|Any CPU.Build.0 = Debug|Any CPU
		{F4F88193-05CA-4DDB-B97D-ED5F121CA4D9}.Release|Any CPU.ActiveCfg = Release|Any CPU
		{F4F88193-05CA-4DDB-B97D-ED5F121CA4D9}.Release|Any CPU.Build.0 = Release|Any CPU
	EndGlobalSection
	GlobalSection(SolutionProperties) = preSolution
		HideSolutionNode = FALSE
	EndGlobalSection
	GlobalSection(ExtensibilityGlobals) = postSolution
		SolutionGuid = {EE6EEB3D-92FE-4D54-8172-36785B305577}
	EndGlobalSection
EndGlobal
