
Microsoft Visual Studio Solution File, Format Version 12.00
# Visual Studio Version 17
VisualStudioVersion = 17.8.34511.84
MinimumVisualStudioVersion = 10.0.40219.1
Project("{FAE04EC0-301F-11D3-BF4B-00C04F79EFBC}") = "LandmarkAIApp", "LandmarkAIApp.csproj", "{22326BFA-9829-405F-BB51-49F5FEC7CF7D}"
EndProject
Global
	GlobalSection(SolutionConfigurationPlatforms) = preSolution
		Debug|Any CPU = Debug|Any CPU
		Release|Any CPU = Release|Any CPU
	EndGlobalSection
	GlobalSection(ProjectConfigurationPlatforms) = postSolution
		{22326BFA-9829-405F-BB51-49F5FEC7CF7D}.Debug|Any CPU.ActiveCfg = Debug|Any CPU
		{22326BFA-9829-405F-BB51-49F5FEC7CF7D}.Debug|Any CPU.Build.0 = Debug|Any CPU
		{22326BFA-9829-405F-BB51-49F5FEC7CF7D}.Release|Any CPU.ActiveCfg = Release|Any CPU
		{22326BFA-9829-405F-BB51-49F5FEC7CF7D}.Release|Any CPU.Build.0 = Release|Any CPU
	EndGlobalSection
	GlobalSection(SolutionProperties) = preSolution
		HideSolutionNode = FALSE
	EndGlobalSection
	GlobalSection(ExtensibilityGlobals) = postSolution
		SolutionGuid = {98849B22-4BE3-4A24-8B14-E163C4F1544E}
	EndGlobalSection
EndGlobal
