
Microsoft Visual Studio Solution File, Format Version 12.00
# Visual Studio Version 17
VisualStudioVersion = 17.8.34525.116
MinimumVisualStudioVersion = 10.0.40219.1
Project("{FAE04EC0-301F-11D3-BF4B-00C04F79EFBC}") = "SwitchThemes", "SwitchThemes\SwitchThemes.csproj", "{F2DABE0E-902F-4FA1-ABA9-DB8C61879BA1}"
EndProject
Global
	GlobalSection(SolutionConfigurationPlatforms) = preSolution
		Debug|Any CPU = Debug|Any CPU
		Release|Any CPU = Release|Any CPU
	EndGlobalSection
	GlobalSection(ProjectConfigurationPlatforms) = postSolution
		{F2DABE0E-902F-4FA1-ABA9-DB8C61879BA1}.Debug|Any CPU.ActiveCfg = Debug|Any CPU
		{F2DABE0E-902F-4FA1-ABA9-DB8C61879BA1}.Debug|Any CPU.Build.0 = Debug|Any CPU
		{F2DABE0E-902F-4FA1-ABA9-DB8C61879BA1}.Release|Any CPU.ActiveCfg = Release|Any CPU
		{F2DABE0E-902F-4FA1-ABA9-DB8C61879BA1}.Release|Any CPU.Build.0 = Release|Any CPU
	EndGlobalSection
	GlobalSection(SolutionProperties) = preSolution
		HideSolutionNode = FALSE
	EndGlobalSection
	GlobalSection(ExtensibilityGlobals) = postSolution
		SolutionGuid = {50418156-C9F9-4BFB-881B-CF846336079C}
	EndGlobalSection
EndGlobal
